
Microsoft Visual Studio Solution File, Format Version 12.00
# Visual Studio 14
VisualStudioVersion = 14.0.25123.0
MinimumVisualStudioVersion = 10.0.40219.1
Project("{2150E333-8FDC-42A3-9474-1A3956D46DE8}") = "src", "src", "{CE328BD8-8E67-49E4-A5C0-04719EDDB473}"
EndProject
Project("{2150E333-8FDC-42A3-9474-1A3956D46DE8}") = "Solution Items", "Solution Items", "{EFF9E696-A108-4E1D-B36B-4BEA192B54C2}"
	ProjectSection(SolutionItems) = preProject
		global.json = global.json
	EndProjectSection
EndProject
Project("{8BB2217D-0F2D-49D1-97BC-3654ED321F3B}") = "MvcMovie", "src\MvcMovie\MvcMovie.xproj", "{08DDFD88-BA0A-44BF-BE63-E898E425A302}"
EndProject
Global
	GlobalSection(SolutionConfigurationPlatforms) = preSolution
		Debug|Any CPU = Debug|Any CPU
		Release|Any CPU = Release|Any CPU
	EndGlobalSection
	GlobalSection(ProjectConfigurationPlatforms) = postSolution
		{08DDFD88-BA0A-44BF-BE63-E898E425A302}.Debug|Any CPU.ActiveCfg = Debug|Any CPU
		{08DDFD88-BA0A-44BF-BE63-E898E425A302}.Debug|Any CPU.Build.0 = Debug|Any CPU
		{08DDFD88-BA0A-44BF-BE63-E898E425A302}.Release|Any CPU.ActiveCfg = Release|Any CPU
		{08DDFD88-BA0A-44BF-BE63-E898E425A302}.Release|Any CPU.Build.0 = Release|Any CPU
	EndGlobalSection
	GlobalSection(SolutionProperties) = preSolution
		HideSolutionNode = FALSE
	EndGlobalSection
	GlobalSection(NestedProjects) = preSolution
		{08DDFD88-BA0A-44BF-BE63-E898E425A302} = {CE328BD8-8E67-49E4-A5C0-04719EDDB473}
	EndGlobalSection
EndGlobal
